{
  "version": 4,
  "terraform_version": "1.15.8",
  "serial": 105,
  "lineage": "693a2fb5-0705-0920-2cf1-8d74d641ea2d",
  "outputs": {},
  "resources": [
    {
      "mode": "data",
      "type": "yandex_compute_image",
      "name": "ubuntu",
      "provider": "provider[\"registry.terraform.io/yandex-cloud/yandex\"]",
      "instances": [
        {
          "schema_version": 0,
          "attributes": {
            "created_at": "2026-08-17T18:33:45Z",
            "description": "Ubuntu 20.04 lts v20260812085008",
            "family": "ubuntu-2004-lts",
            "folder_id": "standard-images",
            "hardware_generation": [
              {
                "generation2_features": [],
                "legacy_features": [
                  {
                    "pci_topology": "PCI_TOPOLOGY_V2"
                  }
                ]
              }
            ],
            "id": "fd8vdod4bdi1a9h4a54e",
            "image_id": "fd8vdod4bdi1a9h4a54e",
            "kms_key_id": null,
            "labels": {
              "version": "20260812085008",
              "x-hopper-operation-id": "d9pe1gu8p1vbsitaavt1",
              "x-hopper-source-image-id": "fd8gam8e46hiuvmr1tvb"
            },
            "min_disk_size": 5,
            "name": "ubuntu-20-04-lts-v20260817",
            "os_type": "linux",
            "pooled": true,
            "product_ids": [
              "f2esthng8i4ldvrl27it"
            ],
            "size": 2,
            "status": "ready"
          },
          "sensitive_attributes": [],
          "identity_schema_version": 0
        }
      ]
    },
    {
      "mode": "managed",
      "type": "local_file",
      "name": "ansible_inventory",
      "provider": "provider[\"registry.terraform.io/hashicorp/local\"]",
      "instances": [
        {
          "schema_version": 0,
          "attributes": {
            "content": "[webservers]web-1   ansible_host=111.88.245.243   fqdn=fhmkt5nar35cqqa465vd.auto.internalweb-2   ansible_host=93.77.190.43   fqdn=fhmkpdol9f4og7821c35.auto.internal\n[databases]main-db   ansible_host=62.84.117.140   fqdn=fhmh6pcsk9614la5lgv2.auto.internalreplica-db   ansible_host=89.169.133.219   fqdn=fhm023jc27inqbug4i4q.auto.internal\n[storage]storage   ansible_host=10.0.1.28   fqdn=fhmkk1nusmro7nhbjo3p.auto.internal",
            "content_base64": null,
            "content_base64sha256": "KQdr9M4mQ889XFYiZzPnaIv220iijiLL4NZNb/heD4A=",
            "content_base64sha512": "ALajQ7nQ5j8KhmUB2Avlxb1EywjM7myL55qHHgdGBEl3vXFxPvW4h5X6BuuCDtsbaz9KWTqgLTfoFwZOfG8laA==",
            "content_md5": "3ea1ebdd598dfb75094857ae7b8b9f2f",
            "content_sha1": "a182d753bc0cfd8f559963ccebf9dcce070be981",
            "content_sha256": "29076bf4ce2643cf3d5c56226733e7688bf6db48a28e22cbe0d64d6ff85e0f80",
            "content_sha512": "00b6a343b9d0e63f0a866501d80be5c5bd44cb08ccee6c8be79a871e0746044977bd71713ef5b88795fa06eb820edb1b6b3f4a593aa02d37e817064e7c6f2568",
            "directory_permission": "0777",
            "file_permission": "0777",
            "filename": "./inventory_test",
            "id": "a182d753bc0cfd8f559963ccebf9dcce070be981",
            "sensitive_content": null,
            "source": null
          },
          "sensitive_attributes": [
            [
              {
                "type": "get_attr",
                "value": "sensitive_content"
              }
            ]
          ],
          "identity_schema_version": 0,
          "dependencies": [
            "data.yandex_compute_image.ubuntu",
            "yandex_compute_disk.data_disks",
            "yandex_compute_instance.db_servers",
            "yandex_compute_instance.storage",
            "yandex_compute_instance.web_instances",
            "yandex_vpc_network.develop",
            "yandex_vpc_security_group.example",
            "yandex_vpc_subnet.develop"
          ]
        }
      ]
    },
    {
      "mode": "managed",
      "type": "yandex_compute_disk",
      "name": "data_disks",
      "provider": "provider[\"registry.terraform.io/yandex-cloud/yandex\"]",
      "instances": [
        {
          "index_key": 0,
          "schema_version": 0,
          "attributes": {
            "allow_recreate": null,
            "block_size": 4096,
            "created_at": "2026-08-18T19:55:25Z",
            "description": "",
            "disk_placement_policy": [
              {
                "disk_placement_group_id": ""
              }
            ],
            "folder_id": "b1g47rt3jub0nu5qbpbu",
            "hardware_generation": [
              {
                "generation2_features": [],
                "legacy_features": [
                  {
                    "pci_topology": "PCI_TOPOLOGY_V2"
                  }
                ]
              }
            ],
            "id": "fhml8av74lqv6povq5a1",
            "image_id": "",
            "kms_key_id": null,
            "labels": null,
            "name": "data-disk-1",
            "product_ids": [],
            "size": 1,
            "snapshot_id": "",
            "status": "ready",
            "timeouts": null,
            "type": "network-hdd",
            "zone": "ru-central1-a"
          },
          "sensitive_attributes": [],
          "identity_schema_version": 0,
          "private": "eyJlMmJmYjczMC1lY2FhLTExZTYtOGY4OC0zNDM2M2JjN2M0YzAiOnsiY3JlYXRlIjozMDAwMDAwMDAwMDAsImRlbGV0ZSI6MzAwMDAwMDAwMDAwLCJ1cGRhdGUiOjMwMDAwMDAwMDAwMH19"
        },
        {
          "index_key": 1,
          "schema_version": 0,
          "attributes": {
            "allow_recreate": null,
            "block_size": 4096,
            "created_at": "2026-08-18T19:55:25Z",
            "description": "",
            "disk_placement_policy": [
              {
                "disk_placement_group_id": ""
              }
            ],
            "folder_id": "b1g47rt3jub0nu5qbpbu",
            "hardware_generation": [
              {
                "generation2_features": [],
                "legacy_features": [
                  {
                    "pci_topology": "PCI_TOPOLOGY_V2"
                  }
                ]
              }
            ],
            "id": "fhmhit31qi0aojq8ljal",
            "image_id": "",
            "kms_key_id": null,
            "labels": null,
            "name": "data-disk-2",
            "product_ids": [],
            "size": 1,
            "snapshot_id": "",
            "status": "ready",
            "timeouts": null,
            "type": "network-hdd",
            "zone": "ru-central1-a"
          },
          "sensitive_attributes": [],
          "identity_schema_version": 0,
          "private": "eyJlMmJmYjczMC1lY2FhLTExZTYtOGY4OC0zNDM2M2JjN2M0YzAiOnsiY3JlYXRlIjozMDAwMDAwMDAwMDAsImRlbGV0ZSI6MzAwMDAwMDAwMDAwLCJ1cGRhdGUiOjMwMDAwMDAwMDAwMH19"
        },
        {
          "index_key": 2,
          "schema_version": 0,
          "attributes": {
            "allow_recreate": null,
            "block_size": 4096,
            "created_at": "2026-08-18T19:55:25Z",
            "description": "",
            "disk_placement_policy": [
              {
                "disk_placement_group_id": ""
              }
            ],
            "folder_id": "b1g47rt3jub0nu5qbpbu",
            "hardware_generation": [
              {
                "generation2_features": [],
                "legacy_features": [
                  {
                    "pci_topology": "PCI_TOPOLOGY_V2"
                  }
                ]
              }
            ],
            "id": "fhms89bgg82sl62vsgfg",
            "image_id": "",
            "kms_key_id": null,
            "labels": null,
            "name": "data-disk-3",
            "product_ids": [],
            "size": 1,
            "snapshot_id": "",
            "status": "ready",
            "timeouts": null,
            "type": "network-hdd",
            "zone": "ru-central1-a"
          },
          "sensitive_attributes": [],
          "identity_schema_version": 0,
          "private": "eyJlMmJmYjczMC1lY2FhLTExZTYtOGY4OC0zNDM2M2JjN2M0YzAiOnsiY3JlYXRlIjozMDAwMDAwMDAwMDAsImRlbGV0ZSI6MzAwMDAwMDAwMDAwLCJ1cGRhdGUiOjMwMDAwMDAwMDAwMH19"
        }
      ]
    },
    {
      "mode": "managed",
      "type": "yandex_compute_instance",
      "name": "db_servers",
      "provider": "provider[\"registry.terraform.io/yandex-cloud/yandex\"]",
      "instances": [
        {
          "index_key": "main-db",
          "schema_version": 1,
          "attributes": {
            "allow_recreate": null,
            "allow_stopping_for_update": null,
            "boot_disk": [
              {
                "auto_delete": true,
                "device_name": "fhmq2jovv0l9779tc5ft",
                "disk_id": "fhmq2jovv0l9779tc5ft",
                "initialize_params": [
                  {
                    "block_size": 4096,
                    "description": "",
                    "image_id": "fd8vdod4bdi1a9h4a54e",
                    "kms_key_id": "",
                    "name": "",
                    "size": 10,
                    "snapshot_id": "",
                    "type": "network-hdd"
                  }
                ],
                "mode": "READ_WRITE"
              }
            ],
            "created_at": "2026-08-18T19:55:28Z",
            "description": "",
            "filesystem": [],
            "folder_id": "b1g47rt3jub0nu5qbpbu",
            "fqdn": "fhmh6pcsk9614la5lgv2.auto.internal",
            "gpu_cluster_id": "",
            "hardware_generation": [
              {
                "generation2_features": [],
                "legacy_features": [
                  {
                    "pci_topology": "PCI_TOPOLOGY_V2"
                  }
                ]
              }
            ],
            "hostname": "",
            "id": "fhmh6pcsk9614la5lgv2",
            "labels": null,
            "local_disk": [],
            "maintenance_grace_period": "",
            "maintenance_policy": null,
            "metadata": {
              "serial-port-enable": "1",
              "ssh-keys": "ssh-rsa AAAAB3NzaC1yc2EAAAADAQABAAABAQC6VhawzPE8AKfaa2h/g18ZSuzfKUj1afhTtPfA+f9/5wVxlnW0lhP+JQcB7oKsum16DW/Hfr882kETULLQT/JIxTtUo+uuYNN5KQiuL64+s23oW3YEK5cgWxCMc4uaeNQlWG34FnjjynwB94V5pG8I2vSbZsPya6uGcSCdfaJ+Oj0xSaGfbZtODgZDsoMKqz8cFnSjHQVMzFWmiVb9Jh27f73kr0hhKFZB0iEdNlQDnSnQ9Ie91uZ1M7NlgE/etyTEkZH1pvpDyoAVk0Ke/Swi1nk+bys0PjnlErXo6tGuxSv5FyPv4ppX/6kn0+pfkKlrJ8S2H5C5knANk/lwqRFh"
            },
            "metadata_options": [
              {
                "aws_v1_http_endpoint": 1,
                "aws_v1_http_token": 2,
                "aws_v2_http_endpoint": 1,
                "aws_v2_http_token": 1,
                "gce_http_endpoint": 1,
                "gce_http_token": 1
              }
            ],
            "name": "main-db",
            "network_acceleration_type": "standard",
            "network_interface": [
              {
                "dns_record": [],
                "index": 0,
                "ip_address": "10.0.1.34",
                "ipv4": true,
                "ipv6": false,
                "ipv6_address": "",
                "ipv6_dns_record": [],
                "mac_address": "d0:0d:11:36:59:ca",
                "nat": true,
                "nat_dns_record": [],
                "nat_ip_address": "62.84.117.140",
                "nat_ip_version": "IPV4",
                "security_group_ids": [
                  "enpdos0q2b4sm0vru7qa"
                ],
                "subnet_id": "e9b6nkuoj3a3rp7m494i"
              }
            ],
            "placement_policy": [
              {
                "host_affinity_rules": [],
                "placement_group_id": "",
                "placement_group_partition": 0
              }
            ],
            "platform_id": "standard-v3",
            "reserved_instance_pool_id": "",
            "resources": [
              {
                "core_fraction": 100,
                "cores": 4,
                "gpus": 0,
                "memory": 8
              }
            ],
            "scheduling_policy": [
              {
                "preemptible": true
              }
            ],
            "secondary_disk": [],
            "service_account_id": "",
            "status": "running",
            "timeouts": null,
            "zone": "ru-central1-a"
          },
          "sensitive_attributes": [],
          "identity_schema_version": 0,
          "private": "eyJlMmJmYjczMC1lY2FhLTExZTYtOGY4OC0zNDM2M2JjN2M0YzAiOnsiY3JlYXRlIjozMDAwMDAwMDAwMDAsImRlbGV0ZSI6MzAwMDAwMDAwMDAwLCJ1cGRhdGUiOjMwMDAwMDAwMDAwMH0sInNjaGVtYV92ZXJzaW9uIjoiMSJ9",
          "dependencies": [
            "data.yandex_compute_image.ubuntu",
            "yandex_vpc_network.develop",
            "yandex_vpc_security_group.example",
            "yandex_vpc_subnet.develop"
          ]
        },
        {
          "index_key": "replica-db",
          "schema_version": 1,
          "attributes": {
            "allow_recreate": null,
            "allow_stopping_for_update": null,
            "boot_disk": [
              {
                "auto_delete": true,
                "device_name": "fhmilq60gohegobvei1e",
                "disk_id": "fhmilq60gohegobvei1e",
                "initialize_params": [
                  {
                    "block_size": 4096,
                    "description": "",
                    "image_id": "fd8vdod4bdi1a9h4a54e",
                    "kms_key_id": "",
                    "name": "",
                    "size": 10,
                    "snapshot_id": "",
                    "type": "network-hdd"
                  }
                ],
                "mode": "READ_WRITE"
              }
            ],
            "created_at": "2026-08-18T19:55:28Z",
            "description": "",
            "filesystem": [],
            "folder_id": "b1g47rt3jub0nu5qbpbu",
            "fqdn": "fhm023jc27inqbug4i4q.auto.internal",
            "gpu_cluster_id": "",
            "hardware_generation": [
              {
                "generation2_features": [],
                "legacy_features": [
                  {
                    "pci_topology": "PCI_TOPOLOGY_V2"
                  }
                ]
              }
            ],
            "hostname": "",
            "id": "fhm023jc27inqbug4i4q",
            "labels": null,
            "local_disk": [],
            "maintenance_grace_period": "",
            "maintenance_policy": null,
            "metadata": {
              "serial-port-enable": "1",
              "ssh-keys": "ssh-rsa AAAAB3NzaC1yc2EAAAADAQABAAABAQC6VhawzPE8AKfaa2h/g18ZSuzfKUj1afhTtPfA+f9/5wVxlnW0lhP+JQcB7oKsum16DW/Hfr882kETULLQT/JIxTtUo+uuYNN5KQiuL64+s23oW3YEK5cgWxCMc4uaeNQlWG34FnjjynwB94V5pG8I2vSbZsPya6uGcSCdfaJ+Oj0xSaGfbZtODgZDsoMKqz8cFnSjHQVMzFWmiVb9Jh27f73kr0hhKFZB0iEdNlQDnSnQ9Ie91uZ1M7NlgE/etyTEkZH1pvpDyoAVk0Ke/Swi1nk+bys0PjnlErXo6tGuxSv5FyPv4ppX/6kn0+pfkKlrJ8S2H5C5knANk/lwqRFh"
            },
            "metadata_options": [
              {
                "aws_v1_http_endpoint": 1,
                "aws_v1_http_token": 2,
                "aws_v2_http_endpoint": 1,
                "aws_v2_http_token": 1,
                "gce_http_endpoint": 1,
                "gce_http_token": 1
              }
            ],
            "name": "replica-db",
            "network_acceleration_type": "standard",
            "network_interface": [
              {
                "dns_record": [],
                "index": 0,
                "ip_address": "10.0.1.10",
                "ipv4": true,
                "ipv6": false,
                "ipv6_address": "",
                "ipv6_dns_record": [],
                "mac_address": "d0:0d:10:e6:c1:1e",
                "nat": true,
                "nat_dns_record": [],
                "nat_ip_address": "89.169.133.219",
                "nat_ip_version": "IPV4",
                "security_group_ids": [
                  "enpdos0q2b4sm0vru7qa"
                ],
                "subnet_id": "e9b6nkuoj3a3rp7m494i"
              }
            ],
            "placement_policy": [
              {
                "host_affinity_rules": [],
                "placement_group_id": "",
                "placement_group_partition": 0
              }
            ],
            "platform_id": "standard-v3",
            "reserved_instance_pool_id": "",
            "resources": [
              {
                "core_fraction": 100,
                "cores": 2,
                "gpus": 0,
                "memory": 4
              }
            ],
            "scheduling_policy": [
              {
                "preemptible": true
              }
            ],
            "secondary_disk": [],
            "service_account_id": "",
            "status": "running",
            "timeouts": null,
            "zone": "ru-central1-a"
          },
          "sensitive_attributes": [],
          "identity_schema_version": 0,
          "private": "eyJlMmJmYjczMC1lY2FhLTExZTYtOGY4OC0zNDM2M2JjN2M0YzAiOnsiY3JlYXRlIjozMDAwMDAwMDAwMDAsImRlbGV0ZSI6MzAwMDAwMDAwMDAwLCJ1cGRhdGUiOjMwMDAwMDAwMDAwMH0sInNjaGVtYV92ZXJzaW9uIjoiMSJ9",
          "dependencies": [
            "data.yandex_compute_image.ubuntu",
            "yandex_vpc_network.develop",
            "yandex_vpc_security_group.example",
            "yandex_vpc_subnet.develop"
          ]
        }
      ]
    },
    {
      "mode": "managed",
      "type": "yandex_compute_instance",
      "name": "storage",
      "provider": "provider[\"registry.terraform.io/yandex-cloud/yandex\"]",
      "instances": [
        {
          "schema_version": 1,
          "attributes": {
            "allow_recreate": null,
            "allow_stopping_for_update": null,
            "boot_disk": [
              {
                "auto_delete": true,
                "device_name": "fhmvrq70mptg9gcv4mg1",
                "disk_id": "fhmvrq70mptg9gcv4mg1",
                "initialize_params": [
                  {
                    "block_size": 4096,
                    "description": "",
                    "image_id": "fd8vdod4bdi1a9h4a54e",
                    "kms_key_id": "",
                    "name": "storage-boot-disk",
                    "size": 5,
                    "snapshot_id": "",
                    "type": "network-hdd"
                  }
                ],
                "mode": "READ_WRITE"
              }
            ],
            "created_at": "2026-08-18T19:55:38Z",
            "description": "",
            "filesystem": [],
            "folder_id": "b1g47rt3jub0nu5qbpbu",
            "fqdn": "fhmkk1nusmro7nhbjo3p.auto.internal",
            "gpu_cluster_id": "",
            "hardware_generation": [
              {
                "generation2_features": [],
                "legacy_features": [
                  {
                    "pci_topology": "PCI_TOPOLOGY_V2"
                  }
                ]
              }
            ],
            "hostname": "",
            "id": "fhmkk1nusmro7nhbjo3p",
            "labels": null,
            "local_disk": [],
            "maintenance_grace_period": "",
            "maintenance_policy": null,
            "metadata": {
              "serial-port-enable": "1",
              "ssh-keys": "ssh-rsa AAAAB3NzaC1yc2EAAAADAQABAAABAQC6VhawzPE8AKfaa2h/g18ZSuzfKUj1afhTtPfA+f9/5wVxlnW0lhP+JQcB7oKsum16DW/Hfr882kETULLQT/JIxTtUo+uuYNN5KQiuL64+s23oW3YEK5cgWxCMc4uaeNQlWG34FnjjynwB94V5pG8I2vSbZsPya6uGcSCdfaJ+Oj0xSaGfbZtODgZDsoMKqz8cFnSjHQVMzFWmiVb9Jh27f73kr0hhKFZB0iEdNlQDnSnQ9Ie91uZ1M7NlgE/etyTEkZH1pvpDyoAVk0Ke/Swi1nk+bys0PjnlErXo6tGuxSv5FyPv4ppX/6kn0+pfkKlrJ8S2H5C5knANk/lwqRFh"
            },
            "metadata_options": [
              {
                "aws_v1_http_endpoint": 1,
                "aws_v1_http_token": 2,
                "aws_v2_http_endpoint": 1,
                "aws_v2_http_token": 1,
                "gce_http_endpoint": 1,
                "gce_http_token": 1
              }
            ],
            "name": "storage",
            "network_acceleration_type": "standard",
            "network_interface": [
              {
                "dns_record": [],
                "index": 0,
                "ip_address": "10.0.1.28",
                "ipv4": true,
                "ipv6": false,
                "ipv6_address": "",
                "ipv6_dns_record": [],
                "mac_address": "d0:0d:14:a0:6f:ee",
                "nat": true,
                "nat_dns_record": [],
                "nat_ip_address": "93.77.178.93",
                "nat_ip_version": "IPV4",
                "security_group_ids": null,
                "subnet_id": "e9b6nkuoj3a3rp7m494i"
              }
            ],
            "placement_policy": [
              {
                "host_affinity_rules": [],
                "placement_group_id": "",
                "placement_group_partition": 0
              }
            ],
            "platform_id": "standard-v3",
            "reserved_instance_pool_id": "",
            "resources": [
              {
                "core_fraction": 100,
                "cores": 2,
                "gpus": 0,
                "memory": 2
              }
            ],
            "scheduling_policy": [
              {
                "preemptible": false
              }
            ],
            "secondary_disk": [
              {
                "auto_delete": false,
                "device_name": "fhmhit31qi0aojq8ljal",
                "disk_id": "fhmhit31qi0aojq8ljal",
                "mode": "READ_WRITE"
              },
              {
                "auto_delete": false,
                "device_name": "fhml8av74lqv6povq5a1",
                "disk_id": "fhml8av74lqv6povq5a1",
                "mode": "READ_WRITE"
              },
              {
                "auto_delete": false,
                "device_name": "fhms89bgg82sl62vsgfg",
                "disk_id": "fhms89bgg82sl62vsgfg",
                "mode": "READ_WRITE"
              }
            ],
            "service_account_id": "",
            "status": "running",
            "timeouts": null,
            "zone": "ru-central1-a"
          },
          "sensitive_attributes": [],
          "identity_schema_version": 0,
          "private": "eyJlMmJmYjczMC1lY2FhLTExZTYtOGY4OC0zNDM2M2JjN2M0YzAiOnsiY3JlYXRlIjozMDAwMDAwMDAwMDAsImRlbGV0ZSI6MzAwMDAwMDAwMDAwLCJ1cGRhdGUiOjMwMDAwMDAwMDAwMH0sInNjaGVtYV92ZXJzaW9uIjoiMSJ9",
          "dependencies": [
            "data.yandex_compute_image.ubuntu",
            "yandex_compute_disk.data_disks",
            "yandex_vpc_network.develop",
            "yandex_vpc_subnet.develop"
          ]
        }
      ]
    },
    {
      "mode": "managed",
      "type": "yandex_compute_instance",
      "name": "web_instances",
      "provider": "provider[\"registry.terraform.io/yandex-cloud/yandex\"]",
      "instances": [
        {
          "index_key": 0,
          "schema_version": 1,
          "attributes": {
            "allow_recreate": null,
            "allow_stopping_for_update": null,
            "boot_disk": [
              {
                "auto_delete": true,
                "device_name": "fhmdqemm34h9nmvq4sl9",
                "disk_id": "fhmdqemm34h9nmvq4sl9",
                "initialize_params": [
                  {
                    "block_size": 4096,
                    "description": "",
                    "image_id": "fd8vdod4bdi1a9h4a54e",
                    "kms_key_id": "",
                    "name": "",
                    "size": 10,
                    "snapshot_id": "",
                    "type": "network-hdd"
                  }
                ],
                "mode": "READ_WRITE"
              }
            ],
            "created_at": "2026-08-18T19:56:18Z",
            "description": "",
            "filesystem": [],
            "folder_id": "b1g47rt3jub0nu5qbpbu",
            "fqdn": "fhmkt5nar35cqqa465vd.auto.internal",
            "gpu_cluster_id": "",
            "hardware_generation": [
              {
                "generation2_features": [],
                "legacy_features": [
                  {
                    "pci_topology": "PCI_TOPOLOGY_V2"
                  }
                ]
              }
            ],
            "hostname": "",
            "id": "fhmkt5nar35cqqa465vd",
            "labels": null,
            "local_disk": [],
            "maintenance_grace_period": "",
            "maintenance_policy": null,
            "metadata": {
              "serial-port-enable": "1",
              "ssh-keys": "ssh-rsa AAAAB3NzaC1yc2EAAAADAQABAAABAQC6VhawzPE8AKfaa2h/g18ZSuzfKUj1afhTtPfA+f9/5wVxlnW0lhP+JQcB7oKsum16DW/Hfr882kETULLQT/JIxTtUo+uuYNN5KQiuL64+s23oW3YEK5cgWxCMc4uaeNQlWG34FnjjynwB94V5pG8I2vSbZsPya6uGcSCdfaJ+Oj0xSaGfbZtODgZDsoMKqz8cFnSjHQVMzFWmiVb9Jh27f73kr0hhKFZB0iEdNlQDnSnQ9Ie91uZ1M7NlgE/etyTEkZH1pvpDyoAVk0Ke/Swi1nk+bys0PjnlErXo6tGuxSv5FyPv4ppX/6kn0+pfkKlrJ8S2H5C5knANk/lwqRFh"
            },
            "metadata_options": [
              {
                "aws_v1_http_endpoint": 1,
                "aws_v1_http_token": 2,
                "aws_v2_http_endpoint": 1,
                "aws_v2_http_token": 1,
                "gce_http_endpoint": 1,
                "gce_http_token": 1
              }
            ],
            "name": "web-1",
            "network_acceleration_type": "standard",
            "network_interface": [
              {
                "dns_record": [],
                "index": 0,
                "ip_address": "10.0.1.23",
                "ipv4": true,
                "ipv6": false,
                "ipv6_address": "",
                "ipv6_dns_record": [],
                "mac_address": "d0:0d:14:e9:6e:ad",
                "nat": true,
                "nat_dns_record": [],
                "nat_ip_address": "111.88.245.243",
                "nat_ip_version": "IPV4",
                "security_group_ids": [
                  "enpdos0q2b4sm0vru7qa"
                ],
                "subnet_id": "e9b6nkuoj3a3rp7m494i"
              }
            ],
            "placement_policy": [
              {
                "host_affinity_rules": [],
                "placement_group_id": "",
                "placement_group_partition": 0
              }
            ],
            "platform_id": "standard-v1",
            "reserved_instance_pool_id": "",
            "resources": [
              {
                "core_fraction": 100,
                "cores": 2,
                "gpus": 0,
                "memory": 2
              }
            ],
            "scheduling_policy": [
              {
                "preemptible": true
              }
            ],
            "secondary_disk": [],
            "service_account_id": "",
            "status": "running",
            "timeouts": null,
            "zone": "ru-central1-a"
          },
          "sensitive_attributes": [],
          "identity_schema_version": 0,
          "private": "eyJlMmJmYjczMC1lY2FhLTExZTYtOGY4OC0zNDM2M2JjN2M0YzAiOnsiY3JlYXRlIjozMDAwMDAwMDAwMDAsImRlbGV0ZSI6MzAwMDAwMDAwMDAwLCJ1cGRhdGUiOjMwMDAwMDAwMDAwMH0sInNjaGVtYV92ZXJzaW9uIjoiMSJ9",
          "dependencies": [
            "data.yandex_compute_image.ubuntu",
            "yandex_compute_instance.db_servers",
            "yandex_vpc_network.develop",
            "yandex_vpc_security_group.example",
            "yandex_vpc_subnet.develop"
          ]
        },
        {
          "index_key": 1,
          "schema_version": 1,
          "attributes": {
            "allow_recreate": null,
            "allow_stopping_for_update": null,
            "boot_disk": [
              {
                "auto_delete": true,
                "device_name": "fhm7ovckck0q3hfk4am5",
                "disk_id": "fhm7ovckck0q3hfk4am5",
                "initialize_params": [
                  {
                    "block_size": 4096,
                    "description": "",
                    "image_id": "fd8vdod4bdi1a9h4a54e",
                    "kms_key_id": "",
                    "name": "",
                    "size": 10,
                    "snapshot_id": "",
                    "type": "network-hdd"
                  }
                ],
                "mode": "READ_WRITE"
              }
            ],
            "created_at": "2026-08-18T19:56:19Z",
            "description": "",
            "filesystem": [],
            "folder_id": "b1g47rt3jub0nu5qbpbu",
            "fqdn": "fhmkpdol9f4og7821c35.auto.internal",
            "gpu_cluster_id": "",
            "hardware_generation": [
              {
                "generation2_features": [],
                "legacy_features": [
                  {
                    "pci_topology": "PCI_TOPOLOGY_V2"
                  }
                ]
              }
            ],
            "hostname": "",
            "id": "fhmkpdol9f4og7821c35",
            "labels": null,
            "local_disk": [],
            "maintenance_grace_period": "",
            "maintenance_policy": null,
            "metadata": {
              "serial-port-enable": "1",
              "ssh-keys": "ssh-rsa AAAAB3NzaC1yc2EAAAADAQABAAABAQC6VhawzPE8AKfaa2h/g18ZSuzfKUj1afhTtPfA+f9/5wVxlnW0lhP+JQcB7oKsum16DW/Hfr882kETULLQT/JIxTtUo+uuYNN5KQiuL64+s23oW3YEK5cgWxCMc4uaeNQlWG34FnjjynwB94V5pG8I2vSbZsPya6uGcSCdfaJ+Oj0xSaGfbZtODgZDsoMKqz8cFnSjHQVMzFWmiVb9Jh27f73kr0hhKFZB0iEdNlQDnSnQ9Ie91uZ1M7NlgE/etyTEkZH1pvpDyoAVk0Ke/Swi1nk+bys0PjnlErXo6tGuxSv5FyPv4ppX/6kn0+pfkKlrJ8S2H5C5knANk/lwqRFh"
            },
            "metadata_options": [
              {
                "aws_v1_http_endpoint": 1,
                "aws_v1_http_token": 2,
                "aws_v2_http_endpoint": 1,
                "aws_v2_http_token": 1,
                "gce_http_endpoint": 1,
                "gce_http_token": 1
              }
            ],
            "name": "web-2",
            "network_acceleration_type": "standard",
            "network_interface": [
              {
                "dns_record": [],
                "index": 0,
                "ip_address": "10.0.1.32",
                "ipv4": true,
                "ipv6": false,
                "ipv6_address": "",
                "ipv6_dns_record": [],
                "mac_address": "d0:0d:14:cb:71:54",
                "nat": true,
                "nat_dns_record": [],
                "nat_ip_address": "93.77.190.43",
                "nat_ip_version": "IPV4",
                "security_group_ids": [
                  "enpdos0q2b4sm0vru7qa"
                ],
                "subnet_id": "e9b6nkuoj3a3rp7m494i"
              }
            ],
            "placement_policy": [
              {
                "host_affinity_rules": [],
                "placement_group_id": "",
                "placement_group_partition": 0
              }
            ],
            "platform_id": "standard-v1",
            "reserved_instance_pool_id": "",
            "resources": [
              {
                "core_fraction": 100,
                "cores": 2,
                "gpus": 0,
                "memory": 2
              }
            ],
            "scheduling_policy": [
              {
                "preemptible": true
              }
            ],
            "secondary_disk": [],
            "service_account_id": "",
            "status": "running",
            "timeouts": null,
            "zone": "ru-central1-a"
          },
          "sensitive_attributes": [],
          "identity_schema_version": 0,
          "private": "eyJlMmJmYjczMC1lY2FhLTExZTYtOGY4OC0zNDM2M2JjN2M0YzAiOnsiY3JlYXRlIjozMDAwMDAwMDAwMDAsImRlbGV0ZSI6MzAwMDAwMDAwMDAwLCJ1cGRhdGUiOjMwMDAwMDAwMDAwMH0sInNjaGVtYV92ZXJzaW9uIjoiMSJ9",
          "dependencies": [
            "data.yandex_compute_image.ubuntu",
            "yandex_compute_instance.db_servers",
            "yandex_vpc_network.develop",
            "yandex_vpc_security_group.example",
            "yandex_vpc_subnet.develop"
          ]
        }
      ]
    },
    {
      "mode": "managed",
      "type": "yandex_vpc_network",
      "name": "develop",
      "provider": "provider[\"registry.terraform.io/yandex-cloud/yandex\"]",
      "instances": [
        {
          "schema_version": 0,
          "attributes": {
            "created_at": "2026-08-18T19:55:25Z",
            "default_security_group_id": "enpt4b9mbud31i1ot3si",
            "description": "",
            "folder_id": "b1g47rt3jub0nu5qbpbu",
            "id": "enp04htnjdq2avdpi1nk",
            "labels": {},
            "name": "develop",
            "subnet_ids": [],
            "timeouts": null
          },
          "sensitive_attributes": [],
          "identity_schema_version": 0,
          "private": "eyJlMmJmYjczMC1lY2FhLTExZTYtOGY4OC0zNDM2M2JjN2M0YzAiOnsiY3JlYXRlIjo2MDAwMDAwMDAwMCwiZGVsZXRlIjo2MDAwMDAwMDAwMCwidXBkYXRlIjo2MDAwMDAwMDAwMH19"
        }
      ]
    },
    {
      "mode": "managed",
      "type": "yandex_vpc_security_group",
      "name": "example",
      "provider": "provider[\"registry.terraform.io/yandex-cloud/yandex\"]",
      "instances": [
        {
          "schema_version": 0,
          "attributes": {
            "created_at": "2026-08-18T19:55:27Z",
            "description": "",
            "egress": [
              {
                "description": "разрешить весь исходящий трафик",
                "from_port": 0,
                "id": "enplilih5uvrohaillma",
                "labels": {},
                "port": -1,
                "predefined_target": "",
                "protocol": "TCP",
                "security_group_id": "",
                "to_port": 65365,
                "v4_cidr_blocks": [
                  "0.0.0.0/0"
                ],
                "v6_cidr_blocks": []
              }
            ],
            "folder_id": "b1g47rt3jub0nu5qbpbu",
            "id": "enpdos0q2b4sm0vru7qa",
            "ingress": [
              {
                "description": "разрешить входящий  http",
                "from_port": -1,
                "id": "enpiuoffboj5o5eqr445",
                "labels": {},
                "port": 80,
                "predefined_target": "",
                "protocol": "TCP",
                "security_group_id": "",
                "to_port": -1,
                "v4_cidr_blocks": [
                  "0.0.0.0/0"
                ],
                "v6_cidr_blocks": []
              },
              {
                "description": "разрешить входящий https",
                "from_port": -1,
                "id": "enpq9d1ob0s5tqr6fvka",
                "labels": {},
                "port": 443,
                "predefined_target": "",
                "protocol": "TCP",
                "security_group_id": "",
                "to_port": -1,
                "v4_cidr_blocks": [
                  "0.0.0.0/0"
                ],
                "v6_cidr_blocks": []
              },
              {
                "description": "разрешить входящий ssh",
                "from_port": -1,
                "id": "enpb9fp1lsoepte05o3u",
                "labels": {},
                "port": 22,
                "predefined_target": "",
                "protocol": "TCP",
                "security_group_id": "",
                "to_port": -1,
                "v4_cidr_blocks": [
                  "0.0.0.0/0"
                ],
                "v6_cidr_blocks": []
              }
            ],
            "labels": {},
            "name": "example_dynamic",
            "network_id": "enp04htnjdq2avdpi1nk",
            "status": "ACTIVE",
            "timeouts": null
          },
          "sensitive_attributes": [],
          "identity_schema_version": 0,
          "private": "eyJlMmJmYjczMC1lY2FhLTExZTYtOGY4OC0zNDM2M2JjN2M0YzAiOnsiY3JlYXRlIjoxODAwMDAwMDAwMDAsImRlbGV0ZSI6MTgwMDAwMDAwMDAwLCJ1cGRhdGUiOjE4MDAwMDAwMDAwMH19",
          "dependencies": [
            "yandex_vpc_network.develop"
          ]
        }
      ]
    },
    {
      "mode": "managed",
      "type": "yandex_vpc_subnet",
      "name": "develop",
      "provider": "provider[\"registry.terraform.io/yandex-cloud/yandex\"]",
      "instances": [
        {
          "schema_version": 0,
          "attributes": {
            "created_at": "2026-08-18T19:55:26Z",
            "description": "",
            "dhcp_options": [],
            "folder_id": "b1g47rt3jub0nu5qbpbu",
            "id": "e9b6nkuoj3a3rp7m494i",
            "labels": {},
            "name": "develop",
            "network_id": "enp04htnjdq2avdpi1nk",
            "route_table_id": "",
            "timeouts": null,
            "v4_cidr_blocks": [
              "10.0.1.0/24"
            ],
            "v6_cidr_blocks": [],
            "zone": "ru-central1-a"
          },
          "sensitive_attributes": [],
          "identity_schema_version": 0,
          "private": "eyJlMmJmYjczMC1lY2FhLTExZTYtOGY4OC0zNDM2M2JjN2M0YzAiOnsiY3JlYXRlIjoxODAwMDAwMDAwMDAsImRlbGV0ZSI6MTgwMDAwMDAwMDAwLCJ1cGRhdGUiOjE4MDAwMDAwMDAwMH19",
          "dependencies": [
            "yandex_vpc_network.develop"
          ]
        }
      ]
    }
  ],
  "check_results": null
}
